// !$*UTF8*$!
{
	archiveVersion = 1;
	classes = {
	};
	objectVersion = 56;
	objects = {

/* Begin PBXBuildFile section */
		FC6B68E92B8BC80800BD2753 /* models in Copy Files */ = {isa = PBXBuildFile; fileRef = FC6B68E82B8BC80800BD2753 /* models */; };
		FC82F9142B265ADE000797ED /* main.cpp in Sources */ = {isa = PBXBuildFile; fileRef = FC82F9132B265ADE000797ED /* main.cpp */; };
		FCC3664C2B782E5C00A9C088 /* libassimp.5.3.0.dylib in Frameworks */ = {isa = PBXBuildFile; fileRef = FCC365CF2B780B3600A9C088 /* libassimp.5.3.0.dylib */; };
		FCC366502B78323300A9C088 /* OpenGL.framework in Frameworks */ = {isa = PBXBuildFile; fileRef = FCC3664F2B78323300A9C088 /* OpenGL.framework */; };
		FCC366522B78324000A9C088 /* Cocoa.framework in Frameworks */ = {isa = PBXBuildFile; fileRef = FCC366512B78324000A9C088 /* Cocoa.framework */; };
		FCC366542B78325200A9C088 /* IOKit.framework in Frameworks */ = {isa = PBXBuildFile; fileRef = FCC366532B78325200A9C088 /* IOKit.framework */; };
		FCC366572B7833F700A9C088 /* libassimp.5.3.0.dylib in Copy Files */ = {isa = PBXBuildFile; fileRef = FCC365CF2B780B3600A9C088 /* libassimp.5.3.0.dylib */; };
		FCC3665B2B78364600A9C088 /* libassimp.5.dylib in Frameworks */ = {isa = PBXBuildFile; fileRef = FCC3665A2B78364600A9C088 /* libassimp.5.dylib */; };
		FCC366612B78374C00A9C088 /* libassimp.5.dylib in Copy Files */ = {isa = PBXBuildFile; fileRef = FCC366602B78374C00A9C088 /* libassimp.5.dylib */; };
		FCC366B12B817D0400A9C088 /* libglfw3.a in Frameworks */ = {isa = PBXBuildFile; fileRef = FCC366B02B817D0400A9C088 /* libglfw3.a */; };
/* End PBXBuildFile section */

/* Begin PBXBuildRule section */
		FC82F9262B2665D1000797ED /* PBXBuildRule */ = {
			isa = PBXBuildRule;
			compilerSpec = com.apple.compilers.proxy.script;
			fileType = pattern.proxy;
			inputFiles = (
			);
			isEditable = 1;
			outputFiles = (
			);
			script = "# Type a script or drag a script file from your workspace to insert its path.\n";
		};
/* End PBXBuildRule section */

/* Begin PBXCopyFilesBuildPhase section */
		FC82F90E2B265ADE000797ED /* Copy Files */ = {
			isa = PBXCopyFilesBuildPhase;
			buildActionMask = 12;
			dstPath = "";
			dstSubfolderSpec = 16;
			files = (
				FC6B68E92B8BC80800BD2753 /* models in Copy Files */,
				FCC366612B78374C00A9C088 /* libassimp.5.dylib in Copy Files */,
				FCC366572B7833F700A9C088 /* libassimp.5.3.0.dylib in Copy Files */,
			);
			name = "Copy Files";
			runOnlyForDeploymentPostprocessing = 0;
		};
		FCC3665D2B78364600A9C088 /* Embed Libraries */ = {
			isa = PBXCopyFilesBuildPhase;
			buildActionMask = 2147483647;
			dstPath = "";
			dstSubfolderSpec = 10;
			files = (
			);
			name = "Embed Libraries";
			runOnlyForDeploymentPostprocessing = 0;
		};
/* End PBXCopyFilesBuildPhase section */

/* Begin PBXFileReference section */
		FC4A32D92B614CE800CA2A11 /* libglfw3.a */ = {isa = PBXFileReference; lastKnownFileType = archive.ar; name = libglfw3.a; path = ../../../../../../../usr/local/lib/libglfw3.a; sourceTree = "<group>"; };
		FC4A32DF2B6816D900CA2A11 /* fragmentShader.glsl */ = {isa = PBXFileReference; lastKnownFileType = text; path = fragmentShader.glsl; sourceTree = "<group>"; };
		FC4A32E02B6816DD00CA2A11 /* vertexShader.glsl */ = {isa = PBXFileReference; lastKnownFileType = text; path = vertexShader.glsl; sourceTree = "<group>"; };
		FC6B68E82B8BC80800BD2753 /* models */ = {isa = PBXFileReference; lastKnownFileType = folder; name = models; path = ../models; sourceTree = "<group>"; };
		FC82F9102B265ADE000797ED /* glfw3Learning */ = {isa = PBXFileReference; explicitFileType = "compiled.mach-o.executable"; includeInIndex = 0; path = glfw3Learning; sourceTree = BUILT_PRODUCTS_DIR; };
		FC82F9132B265ADE000797ED /* main.cpp */ = {isa = PBXFileReference; lastKnownFileType = sourcecode.cpp.cpp; path = main.cpp; sourceTree = "<group>"; };
		FC82F9202B266284000797ED /* libGLEW.a */ = {isa = PBXFileReference; lastKnownFileType = archive.ar; name = libGLEW.a; path = ../../../../../../../opt/homebrew/Cellar/glew/2.2.0_1/lib/libGLEW.a; sourceTree = "<group>"; };
		FC82F9282B299E40000797ED /* CMakerfile.txt */ = {isa = PBXFileReference; lastKnownFileType = text; path = CMakerfile.txt; sourceTree = "<group>"; };
		FCC365CF2B780B3600A9C088 /* libassimp.5.3.0.dylib */ = {isa = PBXFileReference; lastKnownFileType = "compiled.mach-o.dylib"; name = libassimp.5.3.0.dylib; path = ../assimp/bin/libassimp.5.3.0.dylib; sourceTree = "<group>"; };
		FCC365DC2B781FA100A9C088 /* cube.fbx */ = {isa = PBXFileReference; lastKnownFileType = file; name = cube.fbx; path = ../../models/cube.fbx; sourceTree = "<group>"; };
		FCC365DE2B7821FC00A9C088 /* ByteSwapper.h */ = {isa = PBXFileReference; lastKnownFileType = sourcecode.c.h; path = ByteSwapper.h; sourceTree = "<group>"; };
		FCC365DF2B7821FC00A9C088 /* IOSystem.hpp */ = {isa = PBXFileReference; lastKnownFileType = sourcecode.cpp.h; path = IOSystem.hpp; sourceTree = "<group>"; };
		FCC365E02B7821FC00A9C088 /* StreamReader.h */ = {isa = PBXFileReference; lastKnownFileType = sourcecode.c.h; path = StreamReader.h; sourceTree = "<group>"; };
		FCC365E12B7821FC00A9C088 /* Logger.hpp */ = {isa = PBXFileReference; lastKnownFileType = sourcecode.cpp.h; path = Logger.hpp; sourceTree = "<group>"; };
		FCC365E22B7821FC00A9C088 /* IOStream.hpp */ = {isa = PBXFileReference; lastKnownFileType = sourcecode.cpp.h; path = IOStream.hpp; sourceTree = "<group>"; };
		FCC365E32B7821FC00A9C088 /* SkeletonMeshBuilder.h */ = {isa = PBXFileReference; lastKnownFileType = sourcecode.c.h; path = SkeletonMeshBuilder.h; sourceTree = "<group>"; };
		FCC365E42B7821FC00A9C088 /* Vertex.h */ = {isa = PBXFileReference; lastKnownFileType = sourcecode.c.h; path = Vertex.h; sourceTree = "<group>"; };
		FCC365E52B7821FC00A9C088 /* quaternion.inl */ = {isa = PBXFileReference; lastKnownFileType = text; path = quaternion.inl; sourceTree = "<group>"; };
		FCC365E62B7821FC00A9C088 /* defs.h */ = {isa = PBXFileReference; lastKnownFileType = sourcecode.c.h; path = defs.h; sourceTree = "<group>"; };
		FCC365E72B7821FC00A9C088 /* Subdivision.h */ = {isa = PBXFileReference; lastKnownFileType = sourcecode.c.h; path = Subdivision.h; sourceTree = "<group>"; };
		FCC365E82B7821FC00A9C088 /* ParsingUtils.h */ = {isa = PBXFileReference; lastKnownFileType = sourcecode.c.h; path = ParsingUtils.h; sourceTree = "<group>"; };
		FCC365E92B7821FC00A9C088 /* version.h */ = {isa = PBXFileReference; lastKnownFileType = sourcecode.c.h; path = version.h; sourceTree = "<group>"; };
		FCC365EA2B7821FC00A9C088 /* XMLTools.h */ = {isa = PBXFileReference; lastKnownFileType = sourcecode.c.h; path = XMLTools.h; sourceTree = "<group>"; };
		FCC365EB2B7821FC00A9C088 /* XmlParser.h */ = {isa = PBXFileReference; lastKnownFileType = sourcecode.c.h; path = XmlParser.h; sourceTree = "<group>"; };
		FCC365EC2B7821FC00A9C088 /* StringComparison.h */ = {isa = PBXFileReference; lastKnownFileType = sourcecode.c.h; path = StringComparison.h; sourceTree = "<group>"; };
		FCC365ED2B7821FC00A9C088 /* matrix4x4.h */ = {isa = PBXFileReference; lastKnownFileType = sourcecode.c.h; path = matrix4x4.h; sourceTree = "<group>"; };
		FCC365EE2B7821FC00A9C088 /* Importer.hpp */ = {isa = PBXFileReference; lastKnownFileType = sourcecode.cpp.h; path = Importer.hpp; sourceTree = "<group>"; };
		FCC365EF2B7821FC00A9C088 /* cfileio.h */ = {isa = PBXFileReference; lastKnownFileType = sourcecode.c.h; path = cfileio.h; sourceTree = "<group>"; };
		FCC365F02B7821FC00A9C088 /* GenericProperty.h */ = {isa = PBXFileReference; lastKnownFileType = sourcecode.c.h; path = GenericProperty.h; sourceTree = "<group>"; };
		FCC365F12B7821FC00A9C088 /* RemoveComments.h */ = {isa = PBXFileReference; lastKnownFileType = sourcecode.c.h; path = RemoveComments.h; sourceTree = "<group>"; };
		FCC365F22B7821FC00A9C088 /* vector2.h */ = {isa = PBXFileReference; lastKnownFileType = sourcecode.c.h; path = vector2.h; sourceTree = "<group>"; };
		FCC365F32B7821FC00A9C088 /* config.h */ = {isa = PBXFileReference; lastKnownFileType = sourcecode.c.h; path = config.h; sourceTree = "<group>"; };
		FCC365F42B7821FC00A9C088 /* light.h */ = {isa = PBXFileReference; lastKnownFileType = sourcecode.c.h; path = light.h; sourceTree = "<group>"; };
		FCC365F52B7821FC00A9C088 /* types.h */ = {isa = PBXFileReference; lastKnownFileType = sourcecode.c.h; path = types.h; sourceTree = "<group>"; };
		FCC365F62B7821FC00A9C088 /* MathFunctions.h */ = {isa = PBXFileReference; lastKnownFileType = sourcecode.c.h; path = MathFunctions.h; sourceTree = "<group>"; };
		FCC365F72B7821FC00A9C088 /* cimport.h */ = {isa = PBXFileReference; lastKnownFileType = sourcecode.c.h; path = cimport.h; sourceTree = "<group>"; };
		FCC365F82B7821FC00A9C088 /* camera.h */ = {isa = PBXFileReference; lastKnownFileType = sourcecode.c.h; path = camera.h; sourceTree = "<group>"; };
		FCC365F92B7821FC00A9C088 /* matrix3x3.h */ = {isa = PBXFileReference; lastKnownFileType = sourcecode.c.h; path = matrix3x3.h; sourceTree = "<group>"; };
		FCC365FA2B7821FC00A9C088 /* color4.inl */ = {isa = PBXFileReference; lastKnownFileType = text; path = color4.inl; sourceTree = "<group>"; };
		FCC365FB2B7821FC00A9C088 /* StringUtils.h */ = {isa = PBXFileReference; lastKnownFileType = sourcecode.c.h; path = StringUtils.h; sourceTree = "<group>"; };
		FCC365FC2B7821FC00A9C088 /* commonMetaData.h */ = {isa = PBXFileReference; lastKnownFileType = sourcecode.c.h; path = commonMetaData.h; sourceTree = "<group>"; };
		FCC365FD2B7821FC00A9C088 /* DefaultIOStream.h */ = {isa = PBXFileReference; lastKnownFileType = sourcecode.c.h; path = DefaultIOStream.h; sourceTree = "<group>"; };
		FCC365FE2B7821FC00A9C088 /* BaseImporter.h */ = {isa = PBXFileReference; lastKnownFileType = sourcecode.c.h; path = BaseImporter.h; sourceTree = "<group>"; };
		FCC365FF2B7821FC00A9C088 /* SceneCombiner.h */ = {isa = PBXFileReference; lastKnownFileType = sourcecode.c.h; path = SceneCombiner.h; sourceTree = "<group>"; };
		FCC366002B7821FC00A9C088 /* material.h */ = {isa = PBXFileReference; lastKnownFileType = sourcecode.c.h; path = material.h; sourceTree = "<group>"; };
		FCC366012B7821FC00A9C088 /* ai_assert.h */ = {isa = PBXFileReference; lastKnownFileType = sourcecode.c.h; path = ai_assert.h; sourceTree = "<group>"; };
		FCC366022B7821FC00A9C088 /* NullLogger.hpp */ = {isa = PBXFileReference; lastKnownFileType = sourcecode.cpp.h; path = NullLogger.hpp; sourceTree = "<group>"; };
		FCC366032B7821FC00A9C088 /* SmoothingGroups.h */ = {isa = PBXFileReference; lastKnownFileType = sourcecode.c.h; path = SmoothingGroups.h; sourceTree = "<group>"; };
		FCC366042B7821FC00A9C088 /* quaternion.h */ = {isa = PBXFileReference; lastKnownFileType = sourcecode.c.h; path = quaternion.h; sourceTree = "<group>"; };
		FCC366052B7821FC00A9C088 /* LogAux.h */ = {isa = PBXFileReference; lastKnownFileType = sourcecode.c.h; path = LogAux.h; sourceTree = "<group>"; };
		FCC366062B7821FC00A9C088 /* config.h.in */ = {isa = PBXFileReference; lastKnownFileType = text; path = config.h.in; sourceTree = "<group>"; };
		FCC366072B7821FC00A9C088 /* GltfMaterial.h */ = {isa = PBXFileReference; lastKnownFileType = sourcecode.c.h; path = GltfMaterial.h; sourceTree = "<group>"; };
		FCC366082B7821FC00A9C088 /* AssertHandler.h */ = {isa = PBXFileReference; lastKnownFileType = sourcecode.c.h; path = AssertHandler.h; sourceTree = "<group>"; };
		FCC366092B7821FC00A9C088 /* DefaultLogger.hpp */ = {isa = PBXFileReference; lastKnownFileType = sourcecode.cpp.h; path = DefaultLogger.hpp; sourceTree = "<group>"; };
		FCC3660A2B7821FC00A9C088 /* material.inl */ = {isa = PBXFileReference; lastKnownFileType = text; path = material.inl; sourceTree = "<group>"; };
		FCC3660B2B7821FC00A9C088 /* metadata.h */ = {isa = PBXFileReference; lastKnownFileType = sourcecode.c.h; path = metadata.h; sourceTree = "<group>"; };
		FCC3660C2B7821FC00A9C088 /* mesh.h */ = {isa = PBXFileReference; lastKnownFileType = sourcecode.c.h; path = mesh.h; sourceTree = "<group>"; };
		FCC3660D2B7821FC00A9C088 /* LineSplitter.h */ = {isa = PBXFileReference; lastKnownFileType = sourcecode.c.h; path = LineSplitter.h; sourceTree = "<group>"; };
		FCC3660E2B7821FC00A9C088 /* CreateAnimMesh.h */ = {isa = PBXFileReference; lastKnownFileType = sourcecode.c.h; path = CreateAnimMesh.h; sourceTree = "<group>"; };
		FCC3660F2B7821FC00A9C088 /* .editorconfig */ = {isa = PBXFileReference; lastKnownFileType = text; path = .editorconfig; sourceTree = "<group>"; };
		FCC366102B7821FC00A9C088 /* SpatialSort.h */ = {isa = PBXFileReference; lastKnownFileType = sourcecode.c.h; path = SpatialSort.h; sourceTree = "<group>"; };
		FCC366112B7821FC00A9C088 /* MemoryIOWrapper.h */ = {isa = PBXFileReference; lastKnownFileType = sourcecode.c.h; path = MemoryIOWrapper.h; sourceTree = "<group>"; };
		FCC366122B7821FC00A9C088 /* Exporter.hpp */ = {isa = PBXFileReference; lastKnownFileType = sourcecode.cpp.h; path = Exporter.hpp; sourceTree = "<group>"; };
		FCC366132B7821FC00A9C088 /* vector2.inl */ = {isa = PBXFileReference; lastKnownFileType = text; path = vector2.inl; sourceTree = "<group>"; };
		FCC366142B7821FC00A9C088 /* matrix4x4.inl */ = {isa = PBXFileReference; lastKnownFileType = text; path = matrix4x4.inl; sourceTree = "<group>"; };
		FCC366152B7821FC00A9C088 /* vector3.inl */ = {isa = PBXFileReference; lastKnownFileType = text; path = vector3.inl; sourceTree = "<group>"; };
		FCC366162B7821FC00A9C088 /* ProgressHandler.hpp */ = {isa = PBXFileReference; lastKnownFileType = sourcecode.cpp.h; path = ProgressHandler.hpp; sourceTree = "<group>"; };
		FCC366172B7821FC00A9C088 /* cexport.h */ = {isa = PBXFileReference; lastKnownFileType = sourcecode.c.h; path = cexport.h; sourceTree = "<group>"; };
		FCC366182B7821FC00A9C088 /* StreamWriter.h */ = {isa = PBXFileReference; lastKnownFileType = sourcecode.c.h; path = StreamWriter.h; sourceTree = "<group>"; };
		FCC366192B7821FC00A9C088 /* color4.h */ = {isa = PBXFileReference; lastKnownFileType = sourcecode.c.h; path = color4.h; sourceTree = "<group>"; };
		FCC3661A2B7821FC00A9C088 /* StandardShapes.h */ = {isa = PBXFileReference; lastKnownFileType = sourcecode.c.h; path = StandardShapes.h; sourceTree = "<group>"; };
		FCC3661B2B7821FC00A9C088 /* pbrmaterial.h */ = {isa = PBXFileReference; lastKnownFileType = sourcecode.c.h; path = pbrmaterial.h; sourceTree = "<group>"; };
		FCC3661C2B7821FC00A9C088 /* fast_atof.h */ = {isa = PBXFileReference; lastKnownFileType = sourcecode.c.h; path = fast_atof.h; sourceTree = "<group>"; };
		FCC3661D2B7821FC00A9C088 /* ObjMaterial.h */ = {isa = PBXFileReference; lastKnownFileType = sourcecode.c.h; path = ObjMaterial.h; sourceTree = "<group>"; };
		FCC3661E2B7821FC00A9C088 /* anim.h */ = {isa = PBXFileReference; lastKnownFileType = sourcecode.c.h; path = anim.h; sourceTree = "<group>"; };
		FCC3661F2B7821FC00A9C088 /* ColladaMetaData.h */ = {isa = PBXFileReference; lastKnownFileType = sourcecode.c.h; path = ColladaMetaData.h; sourceTree = "<group>"; };
		FCC366202B7821FC00A9C088 /* postprocess.h */ = {isa = PBXFileReference; lastKnownFileType = sourcecode.c.h; path = postprocess.h; sourceTree = "<group>"; };
		FCC366212B7821FC00A9C088 /* Exceptional.h */ = {isa = PBXFileReference; lastKnownFileType = sourcecode.c.h; path = Exceptional.h; sourceTree = "<group>"; };
		FCC366222B7821FC00A9C088 /* texture.h */ = {isa = PBXFileReference; lastKnownFileType = sourcecode.c.h; path = texture.h; sourceTree = "<group>"; };
		FCC366232B7821FC00A9C088 /* ZipArchiveIOSystem.h */ = {isa = PBXFileReference; lastKnownFileType = sourcecode.c.h; path = ZipArchiveIOSystem.h; sourceTree = "<group>"; };
		FCC366242B7821FC00A9C088 /* BlobIOSystem.h */ = {isa = PBXFileReference; lastKnownFileType = sourcecode.c.h; path = BlobIOSystem.h; sourceTree = "<group>"; };
		FCC366252B7821FC00A9C088 /* matrix3x3.inl */ = {isa = PBXFileReference; lastKnownFileType = text; path = matrix3x3.inl; sourceTree = "<group>"; };
		FCC366262B7821FC00A9C088 /* qnan.h */ = {isa = PBXFileReference; lastKnownFileType = sourcecode.c.h; path = qnan.h; sourceTree = "<group>"; };
		FCC366292B7821FC00A9C088 /* AndroidJNIIOSystem.h */ = {isa = PBXFileReference; lastKnownFileType = sourcecode.c.h; path = AndroidJNIIOSystem.h; sourceTree = "<group>"; };
		FCC3662A2B7821FC00A9C088 /* BundledAssetIOSystem.h */ = {isa = PBXFileReference; lastKnownFileType = sourcecode.c.h; path = BundledAssetIOSystem.h; sourceTree = "<group>"; };
		FCC3662B2B7821FC00A9C088 /* Profiler.h */ = {isa = PBXFileReference; lastKnownFileType = sourcecode.c.h; path = Profiler.h; sourceTree = "<group>"; };
		FCC3662C2B7821FC00A9C088 /* Bitmap.h */ = {isa = PBXFileReference; lastKnownFileType = sourcecode.c.h; path = Bitmap.h; sourceTree = "<group>"; };
		FCC3662D2B7821FC00A9C088 /* importerdesc.h */ = {isa = PBXFileReference; lastKnownFileType = sourcecode.c.h; path = importerdesc.h; sourceTree = "<group>"; };
		FCC3662E2B7821FC00A9C088 /* TinyFormatter.h */ = {isa = PBXFileReference; lastKnownFileType = sourcecode.c.h; path = TinyFormatter.h; sourceTree = "<group>"; };
		FCC366302B7821FC00A9C088 /* poppack1.h */ = {isa = PBXFileReference; lastKnownFileType = sourcecode.c.h; path = poppack1.h; sourceTree = "<group>"; };
		FCC366312B7821FC00A9C088 /* pstdint.h */ = {isa = PBXFileReference; lastKnownFileType = sourcecode.c.h; path = pstdint.h; sourceTree = "<group>"; };
		FCC366322B7821FC00A9C088 /* pushpack1.h */ = {isa = PBXFileReference; lastKnownFileType = sourcecode.c.h; path = pushpack1.h; sourceTree = "<group>"; };
		FCC366332B7821FC00A9C088 /* SmallVector.h */ = {isa = PBXFileReference; lastKnownFileType = sourcecode.c.h; path = SmallVector.h; sourceTree = "<group>"; };
		FCC366342B7821FC00A9C088 /* IOStreamBuffer.h */ = {isa = PBXFileReference; lastKnownFileType = sourcecode.c.h; path = IOStreamBuffer.h; sourceTree = "<group>"; };
		FCC366352B7821FC00A9C088 /* Hash.h */ = {isa = PBXFileReference; lastKnownFileType = sourcecode.c.h; path = Hash.h; sourceTree = "<group>"; };
		FCC366362B7821FC00A9C088 /* SGSpatialSort.h */ = {isa = PBXFileReference; lastKnownFileType = sourcecode.c.h; path = SGSpatialSort.h; sourceTree = "<group>"; };
		FCC366372B7821FC00A9C088 /* aabb.h */ = {isa = PBXFileReference; lastKnownFileType = sourcecode.c.h; path = aabb.h; sourceTree = "<group>"; };
		FCC366382B7821FC00A9C088 /* SmoothingGroups.inl */ = {isa = PBXFileReference; lastKnownFileType = text; path = SmoothingGroups.inl; sourceTree = "<group>"; };
		FCC366392B7821FC00A9C088 /* vector3.h */ = {isa = PBXFileReference; lastKnownFileType = sourcecode.c.h; path = vector3.h; sourceTree = "<group>"; };
		FCC3663A2B7821FC00A9C088 /* Base64.hpp */ = {isa = PBXFileReference; lastKnownFileType = sourcecode.cpp.h; path = Base64.hpp; sourceTree = "<group>"; };
		FCC3663B2B7821FC00A9C088 /* DefaultIOSystem.h */ = {isa = PBXFileReference; lastKnownFileType = sourcecode.c.h; path = DefaultIOSystem.h; sourceTree = "<group>"; };
		FCC3663C2B7821FC00A9C088 /* scene.h */ = {isa = PBXFileReference; lastKnownFileType = sourcecode.c.h; path = scene.h; sourceTree = "<group>"; };
		FCC3663D2B7821FC00A9C088 /* LogStream.hpp */ = {isa = PBXFileReference; lastKnownFileType = sourcecode.cpp.h; path = LogStream.hpp; sourceTree = "<group>"; };
		FCC3663F2B78220E00A9C088 /* glfw3.h */ = {isa = PBXFileReference; lastKnownFileType = sourcecode.c.h; path = glfw3.h; sourceTree = "<group>"; };
		FCC366402B78220E00A9C088 /* glfw3native.h */ = {isa = PBXFileReference; lastKnownFileType = sourcecode.c.h; path = glfw3native.h; sourceTree = "<group>"; };
		FCC3664E2B78310E00A9C088 /* libglfw3.a */ = {isa = PBXFileReference; lastKnownFileType = archive.ar; name = libglfw3.a; path = ../../../Lib/glfw/src/libglfw3.a; sourceTree = "<group>"; };
		FCC3664F2B78323300A9C088 /* OpenGL.framework */ = {isa = PBXFileReference; lastKnownFileType = wrapper.framework; name = OpenGL.framework; path = System/Library/Frameworks/OpenGL.framework; sourceTree = SDKROOT; };
		FCC366512B78324000A9C088 /* Cocoa.framework */ = {isa = PBXFileReference; lastKnownFileType = wrapper.framework; name = Cocoa.framework; path = System/Library/Frameworks/Cocoa.framework; sourceTree = SDKROOT; };
		FCC366532B78325200A9C088 /* IOKit.framework */ = {isa = PBXFileReference; lastKnownFileType = wrapper.framework; name = IOKit.framework; path = System/Library/Frameworks/IOKit.framework; sourceTree = SDKROOT; };
		FCC366582B78350E00A9C088 /* libassimp.5.3.0.dylib */ = {isa = PBXFileReference; lastKnownFileType = "compiled.mach-o.dylib"; path = libassimp.5.3.0.dylib; sourceTree = "<group>"; };
		FCC3665A2B78364600A9C088 /* libassimp.5.dylib */ = {isa = PBXFileReference; lastKnownFileType = "compiled.mach-o.dylib"; name = libassimp.5.dylib; path = ../../../Lib/libassimp.5.dylib; sourceTree = "<group>"; };
		FCC366602B78374C00A9C088 /* libassimp.5.dylib */ = {isa = PBXFileReference; lastKnownFileType = "compiled.mach-o.dylib"; path = libassimp.5.dylib; sourceTree = "<group>"; };
		FCC366AD2B79433000A9C088 /* glm */ = {isa = PBXFileReference; lastKnownFileType = folder; path = glm; sourceTree = "<group>"; };
		FCC366B02B817D0400A9C088 /* libglfw3.a */ = {isa = PBXFileReference; lastKnownFileType = archive.ar; name = libglfw3.a; path = ../../../../git/extern/glfw/glfw/src/libglfw3.a; sourceTree = "<group>"; };
/* End PBXFileReference section */

/* Begin PBXFrameworksBuildPhase section */
		FC82F90D2B265ADE000797ED /* Frameworks */ = {
			isa = PBXFrameworksBuildPhase;
			buildActionMask = 2147483647;
			files = (
				FCC366B12B817D0400A9C088 /* libglfw3.a in Frameworks */,
				FCC366522B78324000A9C088 /* Cocoa.framework in Frameworks */,
				FCC3664C2B782E5C00A9C088 /* libassimp.5.3.0.dylib in Frameworks */,
				FCC366542B78325200A9C088 /* IOKit.framework in Frameworks */,
				FCC3665B2B78364600A9C088 /* libassimp.5.dylib in Frameworks */,
				FCC366502B78323300A9C088 /* OpenGL.framework in Frameworks */,
			);
			runOnlyForDeploymentPostprocessing = 0;
		};
/* End PBXFrameworksBuildPhase section */

/* Begin PBXGroup section */
		FC82F9072B265ADE000797ED = {
			isa = PBXGroup;
			children = (
				FC6B68E82B8BC80800BD2753 /* models */,
				FCC366602B78374C00A9C088 /* libassimp.5.dylib */,
				FCC366582B78350E00A9C088 /* libassimp.5.3.0.dylib */,
				FC82F9282B299E40000797ED /* CMakerfile.txt */,
				FC82F9122B265ADE000797ED /* glfw3Learning */,
				FC82F9112B265ADE000797ED /* Products */,
				FC82F91A2B265EE4000797ED /* Frameworks */,
			);
			sourceTree = "<group>";
		};
		FC82F9112B265ADE000797ED /* Products */ = {
			isa = PBXGroup;
			children = (
				FC82F9102B265ADE000797ED /* glfw3Learning */,
			);
			name = Products;
			sourceTree = "<group>";
		};
		FC82F9122B265ADE000797ED /* glfw3Learning */ = {
			isa = PBXGroup;
			children = (
				FCC366AD2B79433000A9C088 /* glm */,
				FCC3663E2B78220E00A9C088 /* GLFW */,
				FCC365DD2B7821FC00A9C088 /* assimp */,
				FCC365DC2B781FA100A9C088 /* cube.fbx */,
				FC4A32E02B6816DD00CA2A11 /* vertexShader.glsl */,
				FC4A32DF2B6816D900CA2A11 /* fragmentShader.glsl */,
				FC82F9132B265ADE000797ED /* main.cpp */,
			);
			path = glfw3Learning;
			sourceTree = "<group>";
		};
		FC82F91A2B265EE4000797ED /* Frameworks */ = {
			isa = PBXGroup;
			children = (
				FCC366B02B817D0400A9C088 /* libglfw3.a */,
				FCC3665A2B78364600A9C088 /* libassimp.5.dylib */,
				FCC366532B78325200A9C088 /* IOKit.framework */,
				FCC366512B78324000A9C088 /* Cocoa.framework */,
				FCC3664F2B78323300A9C088 /* OpenGL.framework */,
				FCC3664E2B78310E00A9C088 /* libglfw3.a */,
				FCC365CF2B780B3600A9C088 /* libassimp.5.3.0.dylib */,
				FC4A32D92B614CE800CA2A11 /* libglfw3.a */,
				FC82F9202B266284000797ED /* libGLEW.a */,
			);
			name = Frameworks;
			sourceTree = "<group>";
		};
		FCC365DD2B7821FC00A9C088 /* assimp */ = {
			isa = PBXGroup;
			children = (
				FCC365DE2B7821FC00A9C088 /* ByteSwapper.h */,
				FCC365DF2B7821FC00A9C088 /* IOSystem.hpp */,
				FCC365E02B7821FC00A9C088 /* StreamReader.h */,
				FCC365E12B7821FC00A9C088 /* Logger.hpp */,
				FCC365E22B7821FC00A9C088 /* IOStream.hpp */,
				FCC365E32B7821FC00A9C088 /* SkeletonMeshBuilder.h */,
				FCC365E42B7821FC00A9C088 /* Vertex.h */,
				FCC365E52B7821FC00A9C088 /* quaternion.inl */,
				FCC365E62B7821FC00A9C088 /* defs.h */,
				FCC365E72B7821FC00A9C088 /* Subdivision.h */,
				FCC365E82B7821FC00A9C088 /* ParsingUtils.h */,
				FCC365E92B7821FC00A9C088 /* version.h */,
				FCC365EA2B7821FC00A9C088 /* XMLTools.h */,
				FCC365EB2B7821FC00A9C088 /* XmlParser.h */,
				FCC365EC2B7821FC00A9C088 /* StringComparison.h */,
				FCC365ED2B7821FC00A9C088 /* matrix4x4.h */,
				FCC365EE2B7821FC00A9C088 /* Importer.hpp */,
				FCC365EF2B7821FC00A9C088 /* cfileio.h */,
				FCC365F02B7821FC00A9C088 /* GenericProperty.h */,
				FCC365F12B7821FC00A9C088 /* RemoveComments.h */,
				FCC365F22B7821FC00A9C088 /* vector2.h */,
				FCC365F32B7821FC00A9C088 /* config.h */,
				FCC365F42B7821FC00A9C088 /* light.h */,
				FCC365F52B7821FC00A9C088 /* types.h */,
				FCC365F62B7821FC00A9C088 /* MathFunctions.h */,
				FCC365F72B7821FC00A9C088 /* cimport.h */,
				FCC365F82B7821FC00A9C088 /* camera.h */,
				FCC365F92B7821FC00A9C088 /* matrix3x3.h */,
				FCC365FA2B7821FC00A9C088 /* color4.inl */,
				FCC365FB2B7821FC00A9C088 /* StringUtils.h */,
				FCC365FC2B7821FC00A9C088 /* commonMetaData.h */,
				FCC365FD2B7821FC00A9C088 /* DefaultIOStream.h */,
				FCC365FE2B7821FC00A9C088 /* BaseImporter.h */,
				FCC365FF2B7821FC00A9C088 /* SceneCombiner.h */,
				FCC366002B7821FC00A9C088 /* material.h */,
				FCC366012B7821FC00A9C088 /* ai_assert.h */,
				FCC366022B7821FC00A9C088 /* NullLogger.hpp */,
				FCC366032B7821FC00A9C088 /* SmoothingGroups.h */,
				FCC366042B7821FC00A9C088 /* quaternion.h */,
				FCC366052B7821FC00A9C088 /* LogAux.h */,
				FCC366062B7821FC00A9C088 /* config.h.in */,
				FCC366072B7821FC00A9C088 /* GltfMaterial.h */,
				FCC366082B7821FC00A9C088 /* AssertHandler.h */,
				FCC366092B7821FC00A9C088 /* DefaultLogger.hpp */,
				FCC3660A2B7821FC00A9C088 /* material.inl */,
				FCC3660B2B7821FC00A9C088 /* metadata.h */,
				FCC3660C2B7821FC00A9C088 /* mesh.h */,
				FCC3660D2B7821FC00A9C088 /* LineSplitter.h */,
				FCC3660E2B7821FC00A9C088 /* CreateAnimMesh.h */,
				FCC3660F2B7821FC00A9C088 /* .editorconfig */,
				FCC366102B7821FC00A9C088 /* SpatialSort.h */,
				FCC366112B7821FC00A9C088 /* MemoryIOWrapper.h */,
				FCC366122B7821FC00A9C088 /* Exporter.hpp */,
				FCC366132B7821FC00A9C088 /* vector2.inl */,
				FCC366142B7821FC00A9C088 /* matrix4x4.inl */,
				FCC366152B7821FC00A9C088 /* vector3.inl */,
				FCC366162B7821FC00A9C088 /* ProgressHandler.hpp */,
				FCC366172B7821FC00A9C088 /* cexport.h */,
				FCC366182B7821FC00A9C088 /* StreamWriter.h */,
				FCC366192B7821FC00A9C088 /* color4.h */,
				FCC3661A2B7821FC00A9C088 /* StandardShapes.h */,
				FCC3661B2B7821FC00A9C088 /* pbrmaterial.h */,
				FCC3661C2B7821FC00A9C088 /* fast_atof.h */,
				FCC3661D2B7821FC00A9C088 /* ObjMaterial.h */,
				FCC3661E2B7821FC00A9C088 /* anim.h */,
				FCC3661F2B7821FC00A9C088 /* ColladaMetaData.h */,
				FCC366202B7821FC00A9C088 /* postprocess.h */,
				FCC366212B7821FC00A9C088 /* Exceptional.h */,
				FCC366222B7821FC00A9C088 /* texture.h */,
				FCC366232B7821FC00A9C088 /* ZipArchiveIOSystem.h */,
				FCC366242B7821FC00A9C088 /* BlobIOSystem.h */,
				FCC366252B7821FC00A9C088 /* matrix3x3.inl */,
				FCC366262B7821FC00A9C088 /* qnan.h */,
				FCC366272B7821FC00A9C088 /* port */,
				FCC3662B2B7821FC00A9C088 /* Profiler.h */,
				FCC3662C2B7821FC00A9C088 /* Bitmap.h */,
				FCC3662D2B7821FC00A9C088 /* importerdesc.h */,
				FCC3662E2B7821FC00A9C088 /* TinyFormatter.h */,
				FCC3662F2B7821FC00A9C088 /* Compiler */,
				FCC366332B7821FC00A9C088 /* SmallVector.h */,
				FCC366342B7821FC00A9C088 /* IOStreamBuffer.h */,
				FCC366352B7821FC00A9C088 /* Hash.h */,
				FCC366362B7821FC00A9C088 /* SGSpatialSort.h */,
				FCC366372B7821FC00A9C088 /* aabb.h */,
				FCC366382B7821FC00A9C088 /* SmoothingGroups.inl */,
				FCC366392B7821FC00A9C088 /* vector3.h */,
				FCC3663A2B7821FC00A9C088 /* Base64.hpp */,
				FCC3663B2B7821FC00A9C088 /* DefaultIOSystem.h */,
				FCC3663C2B7821FC00A9C088 /* scene.h */,
				FCC3663D2B7821FC00A9C088 /* LogStream.hpp */,
			);
			name = assimp;
			path = ../../assimp/include/assimp;
			sourceTree = "<group>";
		};
		FCC366272B7821FC00A9C088 /* port */ = {
			isa = PBXGroup;
			children = (
				FCC366282B7821FC00A9C088 /* AndroidJNI */,
			);
			path = port;
			sourceTree = "<group>";
		};
		FCC366282B7821FC00A9C088 /* AndroidJNI */ = {
			isa = PBXGroup;
			children = (
				FCC366292B7821FC00A9C088 /* AndroidJNIIOSystem.h */,
				FCC3662A2B7821FC00A9C088 /* BundledAssetIOSystem.h */,
			);
			path = AndroidJNI;
			sourceTree = "<group>";
		};
		FCC3662F2B7821FC00A9C088 /* Compiler */ = {
			isa = PBXGroup;
			children = (
				FCC366302B7821FC00A9C088 /* poppack1.h */,
				FCC366312B7821FC00A9C088 /* pstdint.h */,
				FCC366322B7821FC00A9C088 /* pushpack1.h */,
			);
			path = Compiler;
			sourceTree = "<group>";
		};
		FCC3663E2B78220E00A9C088 /* GLFW */ = {
			isa = PBXGroup;
			children = (
				FCC3663F2B78220E00A9C088 /* glfw3.h */,
				FCC366402B78220E00A9C088 /* glfw3native.h */,
			);
			name = GLFW;
			path = ../../../../../../../../usr/local/include/GLFW;
			sourceTree = "<group>";
		};
/* End PBXGroup section */

/* Begin PBXHeadersBuildPhase section */
		FC82F91C2B265F94000797ED /* Headers */ = {
			isa = PBXHeadersBuildPhase;
			buildActionMask = 2147483647;
			files = (
			);
			runOnlyForDeploymentPostprocessing = 0;
		};
/* End PBXHeadersBuildPhase section */

/* Begin PBXNativeTarget section */
		FC82F90F2B265ADE000797ED /* glfw3Learning */ = {
			isa = PBXNativeTarget;
			buildConfigurationList = FC82F9172B265ADE000797ED /* Build configuration list for PBXNativeTarget "glfw3Learning" */;
			buildPhases = (
				FC82F90E2B265ADE000797ED /* Copy Files */,
				FC82F91C2B265F94000797ED /* Headers */,
				FC82F90C2B265ADE000797ED /* Sources */,
				FC82F90D2B265ADE000797ED /* Frameworks */,
				FCC3665D2B78364600A9C088 /* Embed Libraries */,
			);
			buildRules = (
				FC82F9262B2665D1000797ED /* PBXBuildRule */,
			);
			dependencies = (
			);
			name = glfw3Learning;
			productName = glfw3Learning;
			productReference = FC82F9102B265ADE000797ED /* glfw3Learning */;
			productType = "com.apple.product-type.tool";
		};
/* End PBXNativeTarget section */

/* Begin PBXProject section */
		FC82F9082B265ADE000797ED /* Project object */ = {
			isa = PBXProject;
			attributes = {
				BuildIndependentTargetsInParallel = 1;
				LastUpgradeCheck = 1520;
				TargetAttributes = {
					FC82F90F2B265ADE000797ED = {
						CreatedOnToolsVersion = 15.0;
					};
				};
			};
			buildConfigurationList = FC82F90B2B265ADE000797ED /* Build configuration list for PBXProject "glfw3Learning" */;
			compatibilityVersion = "Xcode 14.0";
			developmentRegion = en;
			hasScannedForEncodings = 0;
			knownRegions = (
				en,
				Base,
			);
			mainGroup = FC82F9072B265ADE000797ED;
			productRefGroup = FC82F9112B265ADE000797ED /* Products */;
			projectDirPath = "";
			projectRoot = "";
			targets = (
				FC82F90F2B265ADE000797ED /* glfw3Learning */,
			);
		};
/* End PBXProject section */

/* Begin PBXSourcesBuildPhase section */
		FC82F90C2B265ADE000797ED /* Sources */ = {
			isa = PBXSourcesBuildPhase;
			buildActionMask = 2147483647;
			files = (
				FC82F9142B265ADE000797ED /* main.cpp in Sources */,
			);
			runOnlyForDeploymentPostprocessing = 0;
		};
/* End PBXSourcesBuildPhase section */

/* Begin XCBuildConfiguration section */
		FC82F9152B265ADE000797ED /* Debug */ = {
			isa = XCBuildConfiguration;
			buildSettings = {
				ALWAYS_SEARCH_USER_PATHS = NO;
				ASSETCATALOG_COMPILER_GENERATE_SWIFT_ASSET_SYMBOL_EXTENSIONS = YES;
				CLANG_ANALYZER_NONNULL = YES;
				CLANG_ANALYZER_NUMBER_OBJECT_CONVERSION = YES_AGGRESSIVE;
				CLANG_CXX_LANGUAGE_STANDARD = "gnu++20";
				CLANG_ENABLE_MODULES = YES;
				CLANG_ENABLE_OBJC_ARC = YES;
				CLANG_ENABLE_OBJC_WEAK = YES;
				CLANG_WARN_BLOCK_CAPTURE_AUTORELEASING = YES;
				CLANG_WARN_BOOL_CONVERSION = YES;
				CLANG_WARN_COMMA = YES;
				CLANG_WARN_CONSTANT_CONVERSION = YES;
				CLANG_WARN_DEPRECATED_OBJC_IMPLEMENTATIONS = YES;
				CLANG_WARN_DIRECT_OBJC_ISA_USAGE = YES_ERROR;
				CLANG_WARN_DOCUMENTATION_COMMENTS = YES;
				CLANG_WARN_EMPTY_BODY = YES;
				CLANG_WARN_ENUM_CONVERSION = YES;
				CLANG_WARN_INFINITE_RECURSION = YES;
				CLANG_WARN_INT_CONVERSION = YES;
				CLANG_WARN_NON_LITERAL_NULL_CONVERSION = YES;
				CLANG_WARN_OBJC_IMPLICIT_RETAIN_SELF = YES;
				CLANG_WARN_OBJC_LITERAL_CONVERSION = YES;
				CLANG_WARN_OBJC_ROOT_CLASS = YES_ERROR;
				CLANG_WARN_QUOTED_INCLUDE_IN_FRAMEWORK_HEADER = YES;
				CLANG_WARN_RANGE_LOOP_ANALYSIS = YES;
				CLANG_WARN_STRICT_PROTOTYPES = YES;
				CLANG_WARN_SUSPICIOUS_MOVE = YES;
				CLANG_WARN_UNGUARDED_AVAILABILITY = YES_AGGRESSIVE;
				CLANG_WARN_UNREACHABLE_CODE = YES;
				CLANG_WARN__DUPLICATE_METHOD_MATCH = YES;
				COPY_PHASE_STRIP = NO;
				DEAD_CODE_STRIPPING = YES;
				DEBUG_INFORMATION_FORMAT = dwarf;
				ENABLE_STRICT_OBJC_MSGSEND = YES;
				ENABLE_TESTABILITY = YES;
				ENABLE_USER_SCRIPT_SANDBOXING = YES;
				GCC_C_LANGUAGE_STANDARD = gnu17;
				GCC_DYNAMIC_NO_PIC = NO;
				GCC_NO_COMMON_BLOCKS = YES;
				GCC_OPTIMIZATION_LEVEL = 0;
				GCC_PREPROCESSOR_DEFINITIONS = (
					"DEBUG=1",
					"$(inherited)",
				);
				GCC_WARN_64_TO_32_BIT_CONVERSION = YES;
				GCC_WARN_ABOUT_RETURN_TYPE = YES_ERROR;
				GCC_WARN_UNDECLARED_SELECTOR = YES;
				GCC_WARN_UNINITIALIZED_AUTOS = YES_AGGRESSIVE;
				GCC_WARN_UNUSED_FUNCTION = YES;
				GCC_WARN_UNUSED_VARIABLE = YES;
				HEADER_SEARCH_PATHS = (
					/usr/local/Cellar/GLFW/,
					/usr/local/include,
				);
				LIBRARY_SEARCH_PATHS = (
					/usr/local/Cellar/glfw/../include,
					/usr/local/lib,
				);
				LOCALIZATION_PREFERS_STRING_CATALOGS = YES;
				MACOSX_DEPLOYMENT_TARGET = 14.0;
				MTL_ENABLE_DEBUG_INFO = INCLUDE_SOURCE;
				MTL_FAST_MATH = YES;
				ONLY_ACTIVE_ARCH = YES;
				SDKROOT = macosx;
			};
			name = Debug;
		};
		FC82F9162B265ADE000797ED /* Release */ = {
			isa = XCBuildConfiguration;
			buildSettings = {
				ALWAYS_SEARCH_USER_PATHS = NO;
				ASSETCATALOG_COMPILER_GENERATE_SWIFT_ASSET_SYMBOL_EXTENSIONS = YES;
				CLANG_ANALYZER_NONNULL = YES;
				CLANG_ANALYZER_NUMBER_OBJECT_CONVERSION = YES_AGGRESSIVE;
				CLANG_CXX_LANGUAGE_STANDARD = "gnu++20";
				CLANG_ENABLE_MODULES = YES;
				CLANG_ENABLE_OBJC_ARC = YES;
				CLANG_ENABLE_OBJC_WEAK = YES;
				CLANG_WARN_BLOCK_CAPTURE_AUTORELEASING = YES;
				CLANG_WARN_BOOL_CONVERSION = YES;
				CLANG_WARN_COMMA = YES;
				CLANG_WARN_CONSTANT_CONVERSION = YES;
				CLANG_WARN_DEPRECATED_OBJC_IMPLEMENTATIONS = YES;
				CLANG_WARN_DIRECT_OBJC_ISA_USAGE = YES_ERROR;
				CLANG_WARN_DOCUMENTATION_COMMENTS = YES;
				CLANG_WARN_EMPTY_BODY = YES;
				CLANG_WARN_ENUM_CONVERSION = YES;
				CLANG_WARN_INFINITE_RECURSION = YES;
				CLANG_WARN_INT_CONVERSION = YES;
				CLANG_WARN_NON_LITERAL_NULL_CONVERSION = YES;
				CLANG_WARN_OBJC_IMPLICIT_RETAIN_SELF = YES;
				CLANG_WARN_OBJC_LITERAL_CONVERSION = YES;
				CLANG_WARN_OBJC_ROOT_CLASS = YES_ERROR;
				CLANG_WARN_QUOTED_INCLUDE_IN_FRAMEWORK_HEADER = YES;
				CLANG_WARN_RANGE_LOOP_ANALYSIS = YES;
				CLANG_WARN_STRICT_PROTOTYPES = YES;
				CLANG_WARN_SUSPICIOUS_MOVE = YES;
				CLANG_WARN_UNGUARDED_AVAILABILITY = YES_AGGRESSIVE;
				CLANG_WARN_UNREACHABLE_CODE = YES;
				CLANG_WARN__DUPLICATE_METHOD_MATCH = YES;
				COPY_PHASE_STRIP = NO;
				DEAD_CODE_STRIPPING = YES;
				DEBUG_INFORMATION_FORMAT = "dwarf-with-dsym";
				ENABLE_NS_ASSERTIONS = NO;
				ENABLE_STRICT_OBJC_MSGSEND = YES;
				ENABLE_USER_SCRIPT_SANDBOXING = YES;
				GCC_C_LANGUAGE_STANDARD = gnu17;
				GCC_NO_COMMON_BLOCKS = YES;
				GCC_WARN_64_TO_32_BIT_CONVERSION = YES;
				GCC_WARN_ABOUT_RETURN_TYPE = YES_ERROR;
				GCC_WARN_UNDECLARED_SELECTOR = YES;
				GCC_WARN_UNINITIALIZED_AUTOS = YES_AGGRESSIVE;
				GCC_WARN_UNUSED_FUNCTION = YES;
				GCC_WARN_UNUSED_VARIABLE = YES;
				HEADER_SEARCH_PATHS = (
					/usr/local/Cellar/GLFW/,
					/usr/local/include,
				);
				LIBRARY_SEARCH_PATHS = (
					/usr/local/Cellar/glfw/../include,
					/usr/local/lib,
				);
				LOCALIZATION_PREFERS_STRING_CATALOGS = YES;
				MACOSX_DEPLOYMENT_TARGET = 14.0;
				MTL_ENABLE_DEBUG_INFO = NO;
				MTL_FAST_MATH = YES;
				SDKROOT = macosx;
			};
			name = Release;
		};
		FC82F9182B265ADE000797ED /* Debug */ = {
			isa = XCBuildConfiguration;
			buildSettings = {
				CODE_SIGN_STYLE = Automatic;
				DEAD_CODE_STRIPPING = YES;
				HEADER_SEARCH_PATHS = (
					"$(SRCROOT)/../../../../git/extern/glfw/glfw/include/GLFW",
					/usr/local/include,
					/Users/olantern/Documents/CodeProjects/OpenGLDez2023/emptyWindow/assimp/include,
				);
				LIBRARY_SEARCH_PATHS = (
					"$(SRCROOT)/../../../../git/extern/glfw/glfw/src/",
					/Users/olantern/Documents/CodeProjects/OpenGLDez2023/emptyWindow/assimp/bin,
				);
				OTHER_LDFLAGS = "";
				PRODUCT_NAME = "$(TARGET_NAME)";
			};
			name = Debug;
		};
		FC82F9192B265ADE000797ED /* Release */ = {
			isa = XCBuildConfiguration;
			buildSettings = {
				CODE_SIGN_STYLE = Automatic;
				DEAD_CODE_STRIPPING = YES;
				HEADER_SEARCH_PATHS = (
					"$(SRCROOT)/../../../../git/extern/glfw/glfw/include/GLFW",
					/usr/local/include,
					/Users/olantern/Documents/CodeProjects/OpenGLDez2023/emptyWindow/assimp/include,
				);
				LIBRARY_SEARCH_PATHS = (
					"$(SRCROOT)/../../../../git/extern/glfw/glfw/src/",
					/Users/olantern/Documents/CodeProjects/OpenGLDez2023/emptyWindow/assimp/bin,
				);
				OTHER_LDFLAGS = "";
				PRODUCT_NAME = "$(TARGET_NAME)";
			};
			name = Release;
		};
/* End XCBuildConfiguration section */

/* Begin XCConfigurationList section */
		FC82F90B2B265ADE000797ED /* Build configuration list for PBXProject "glfw3Learning" */ = {
			isa = XCConfigurationList;
			buildConfigurations = (
				FC82F9152B265ADE000797ED /* Debug */,
				FC82F9162B265ADE000797ED /* Release */,
			);
			defaultConfigurationIsVisible = 0;
			defaultConfigurationName = Release;
		};
		FC82F9172B265ADE000797ED /* Build configuration list for PBXNativeTarget "glfw3Learning" */ = {
			isa = XCConfigurationList;
			buildConfigurations = (
				FC82F9182B265ADE000797ED /* Debug */,
				FC82F9192B265ADE000797ED /* Release */,
			);
			defaultConfigurationIsVisible = 0;
			defaultConfigurationName = Release;
		};
/* End XCConfigurationList section */
	};
	rootObject = FC82F9082B265ADE000797ED /* Project object */;
}
